
Microsoft Visual Studio Solution File, Format Version 12.00
# Visual Studio Version 17
VisualStudioVersion = 17.3.32825.248
MinimumVisualStudioVersion = 10.0.40219.1
Project("{FAE04EC0-301F-11D3-BF4B-00C04F79EFBC}") = "作业", "作业\作业.csproj", "{F1DD63E2-0AD5-45FE-AF74-D152AEE80B02}"
EndProject
Project("{FAE04EC0-301F-11D3-BF4B-00C04F79EFBC}") = "2", "2\2.csproj", "{4FE234D1-2AF8-4769-8A12-A9A0742A4E0D}"
EndProject
Project("{FAE04EC0-301F-11D3-BF4B-00C04F79EFBC}") = "1", "1\1.csproj", "{6DC9C465-D1D7-4CF0-9C0D-56403BF45FF0}"
EndProject
Project("{FAE04EC0-301F-11D3-BF4B-00C04F79EFBC}") = "3", "3\3.csproj", "{4D824D74-C016-414B-81F4-EB91A2A2D394}"
EndProject
Project("{FAE04EC0-301F-11D3-BF4B-00C04F79EFBC}") = "4", "4\4.csproj", "{DEEACDB4-6BD9-4872-9C88-6662B6A50C94}"
EndProject
Project("{FAE04EC0-301F-11D3-BF4B-00C04F79EFBC}") = "5", "5\5.csproj", "{4C1C72B1-2AF3-4BF6-8F8B-216C7CFBC323}"
EndProject
Project("{FAE04EC0-301F-11D3-BF4B-00C04F79EFBC}") = "6", "6\6.csproj", "{E1840FC1-1A42-4C9E-AD90-82FDCFE72842}"
EndProject
Project("{FAE04EC0-301F-11D3-BF4B-00C04F79EFBC}") = "7", "7\7.csproj", "{0E213613-F489-4A31-9461-3A8733FFE931}"
EndProject
Project("{FAE04EC0-301F-11D3-BF4B-00C04F79EFBC}") = "8", "8\8.csproj", "{C1978DF9-5B6A-4F6A-9CFF-33D4BF0DE7EF}"
EndProject
Project("{FAE04EC0-301F-11D3-BF4B-00C04F79EFBC}") = "9", "9\9.csproj", "{4B4CDF13-E7FB-4878-B1EA-F7999FFCF746}"
EndProject
Project("{FAE04EC0-301F-11D3-BF4B-00C04F79EFBC}") = "10", "10\10.csproj", "{4D87EDBB-6D34-4F0D-8842-D48A6EA1E29B}"
EndProject
Global
	GlobalSection(SolutionConfigurationPlatforms) = preSolution
		Debug|Any CPU = Debug|Any CPU
		Release|Any CPU = Release|Any CPU
	EndGlobalSection
	GlobalSection(ProjectConfigurationPlatforms) = postSolution
		{F1DD63E2-0AD5-45FE-AF74-D152AEE80B02}.Debug|Any CPU.ActiveCfg = Debug|Any CPU
		{F1DD63E2-0AD5-45FE-AF74-D152AEE80B02}.Debug|Any CPU.Build.0 = Debug|Any CPU
		{F1DD63E2-0AD5-45FE-AF74-D152AEE80B02}.Release|Any CPU.ActiveCfg = Release|Any CPU
		{F1DD63E2-0AD5-45FE-AF74-D152AEE80B02}.Release|Any CPU.Build.0 = Release|Any CPU
		{4FE234D1-2AF8-4769-8A12-A9A0742A4E0D}.Debug|Any CPU.ActiveCfg = Debug|Any CPU
		{4FE234D1-2AF8-4769-8A12-A9A0742A4E0D}.Debug|Any CPU.Build.0 = Debug|Any CPU
		{4FE234D1-2AF8-4769-8A12-A9A0742A4E0D}.Release|Any CPU.ActiveCfg = Release|Any CPU
		{4FE234D1-2AF8-4769-8A12-A9A0742A4E0D}.Release|Any CPU.Build.0 = Release|Any CPU
		{6DC9C465-D1D7-4CF0-9C0D-56403BF45FF0}.Debug|Any CPU.ActiveCfg = Debug|Any CPU
		{6DC9C465-D1D7-4CF0-9C0D-56403BF45FF0}.Debug|Any CPU.Build.0 = Debug|Any CPU
		{6DC9C465-D1D7-4CF0-9C0D-56403BF45FF0}.Release|Any CPU.ActiveCfg = Release|Any CPU
		{6DC9C465-D1D7-4CF0-9C0D-56403BF45FF0}.Release|Any CPU.Build.0 = Release|Any CPU
		{4D824D74-C016-414B-81F4-EB91A2A2D394}.Debug|Any CPU.ActiveCfg = Debug|Any CPU
		{4D824D74-C016-414B-81F4-EB91A2A2D394}.Debug|Any CPU.Build.0 = Debug|Any CPU
		{4D824D74-C016-414B-81F4-EB91A2A2D394}.Release|Any CPU.ActiveCfg = Release|Any CPU
		{4D824D74-C016-414B-81F4-EB91A2A2D394}.Release|Any CPU.Build.0 = Release|Any CPU
		{DEEACDB4-6BD9-4872-9C88-6662B6A50C94}.Debug|Any CPU.ActiveCfg = Debug|Any CPU
		{DEEACDB4-6BD9-4872-9C88-6662B6A50C94}.Debug|Any CPU.Build.0 = Debug|Any CPU
		{DEEACDB4-6BD9-4872-9C88-6662B6A50C94}.Release|Any CPU.ActiveCfg = Release|Any CPU
		{DEEACDB4-6BD9-4872-9C88-6662B6A50C94}.Release|Any CPU.Build.0 = Release|Any CPU
		{4C1C72B1-2AF3-4BF6-8F8B-216C7CFBC323}.Debug|Any CPU.ActiveCfg = Debug|Any CPU
		{4C1C72B1-2AF3-4BF6-8F8B-216C7CFBC323}.Debug|Any CPU.Build.0 = Debug|Any CPU
		{4C1C72B1-2AF3-4BF6-8F8B-216C7CFBC323}.Release|Any CPU.ActiveCfg = Release|Any CPU
		{4C1C72B1-2AF3-4BF6-8F8B-216C7CFBC323}.Release|Any CPU.Build.0 = Release|Any CPU
		{E1840FC1-1A42-4C9E-AD90-82FDCFE72842}.Debug|Any CPU.ActiveCfg = Debug|Any CPU
		{E1840FC1-1A42-4C9E-AD90-82FDCFE72842}.Debug|Any CPU.Build.0 = Debug|Any CPU
		{E1840FC1-1A42-4C9E-AD90-82FDCFE72842}.Release|Any CPU.ActiveCfg = Release|Any CPU
		{E1840FC1-1A42-4C9E-AD90-82FDCFE72842}.Release|Any CPU.Build.0 = Release|Any CPU
		{0E213613-F489-4A31-9461-3A8733FFE931}.Debug|Any CPU.ActiveCfg = Debug|Any CPU
		{0E213613-F489-4A31-9461-3A8733FFE931}.Debug|Any CPU.Build.0 = Debug|Any CPU
		{0E213613-F489-4A31-9461-3A8733FFE931}.Release|Any CPU.ActiveCfg = Release|Any CPU
		{0E213613-F489-4A31-9461-3A8733FFE931}.Release|Any CPU.Build.0 = Release|Any CPU
		{C1978DF9-5B6A-4F6A-9CFF-33D4BF0DE7EF}.Debug|Any CPU.ActiveCfg = Debug|Any CPU
		{C1978DF9-5B6A-4F6A-9CFF-33D4BF0DE7EF}.Debug|Any CPU.Build.0 = Debug|Any CPU
		{C1978DF9-5B6A-4F6A-9CFF-33D4BF0DE7EF}.Release|Any CPU.ActiveCfg = Release|Any CPU
		{C1978DF9-5B6A-4F6A-9CFF-33D4BF0DE7EF}.Release|Any CPU.Build.0 = Release|Any CPU
		{4B4CDF13-E7FB-4878-B1EA-F7999FFCF746}.Debug|Any CPU.ActiveCfg = Debug|Any CPU
		{4B4CDF13-E7FB-4878-B1EA-F7999FFCF746}.Debug|Any CPU.Build.0 = Debug|Any CPU
		{4B4CDF13-E7FB-4878-B1EA-F7999FFCF746}.Release|Any CPU.ActiveCfg = Release|Any CPU
		{4B4CDF13-E7FB-4878-B1EA-F7999FFCF746}.Release|Any CPU.Build.0 = Release|Any CPU
		{4D87EDBB-6D34-4F0D-8842-D48A6EA1E29B}.Debug|Any CPU.ActiveCfg = Debug|Any CPU
		{4D87EDBB-6D34-4F0D-8842-D48A6EA1E29B}.Debug|Any CPU.Build.0 = Debug|Any CPU
		{4D87EDBB-6D34-4F0D-8842-D48A6EA1E29B}.Release|Any CPU.ActiveCfg = Release|Any CPU
		{4D87EDBB-6D34-4F0D-8842-D48A6EA1E29B}.Release|Any CPU.Build.0 = Release|Any CPU
	EndGlobalSection
	GlobalSection(SolutionProperties) = preSolution
		HideSolutionNode = FALSE
	EndGlobalSection
	GlobalSection(ExtensibilityGlobals) = postSolution
		SolutionGuid = {A52F18B7-6CC9-4DD3-9BE2-8FD892098C6E}
	EndGlobalSection
EndGlobal
